
Microsoft Visual Studio Solution File, Format Version 12.00
# Visual Studio Version 17
VisualStudioVersion = 17.9.34414.90
MinimumVisualStudioVersion = 10.0.40219.1
Project("{9A19103F-16F7-4668-BE54-9A1E7A4F7556}") = "SunriseSunsetApp", "SunriseSunsetApp.csproj", "{94582C97-2FA2-4742-B329-261B53A707C2}"
EndProject
Global
	GlobalSection(SolutionConfigurationPlatforms) = preSolution
		Debug|Any CPU = Debug|Any CPU
		Release|Any CPU = Release|Any CPU
	EndGlobalSection
	GlobalSection(ProjectConfigurationPlatforms) = postSolution
		{94582C97-2FA2-4742-B329-261B53A707C2}.Debug|Any CPU.ActiveCfg = Debug|Any CPU
		{94582C97-2FA2-4742-B329-261B53A707C2}.Debug|Any CPU.Build.0 = Debug|Any CPU
		{94582C97-2FA2-4742-B329-261B53A707C2}.Release|Any CPU.ActiveCfg = Release|Any CPU
		{94582C97-2FA2-4742-B329-261B53A707C2}.Release|Any CPU.Build.0 = Release|Any CPU
	EndGlobalSection
	GlobalSection(SolutionProperties) = preSolution
		HideSolutionNode = FALSE
	EndGlobalSection
	GlobalSection(ExtensibilityGlobals) = postSolution
		SolutionGuid = {5009793B-6491-4C04-AD15-0B318B761127}
	EndGlobalSection
EndGlobal
